
Microsoft Visual Studio Solution File, Format Version 12.00
# Visual Studio 15
VisualStudioVersion = 15.0.28307.136
MinimumVisualStudioVersion = 10.0.40219.1
Project("{9A19103F-16F7-4668-BE54-9A1E7A4F7556}") = "SignalRApplication", "SignalRApplication\SignalRApplication.csproj", "{49BF5E6B-9B47-40ED-B1A1-C9D1D631DBFD}"
EndProject
Project("{FAE04EC0-301F-11D3-BF4B-00C04F79EFBC}") = "SignalRApplication.DTO", "SignalRApplication.DTO\SignalRApplication.DTO.csproj", "{FCD797AA-AA95-475D-A62F-0551D0EC9A9F}"
EndProject
Project("{FAE04EC0-301F-11D3-BF4B-00C04F79EFBC}") = "SignalRApplication.Repository", "SignalRApplication.Repository\SignalRApplication.Repository.csproj", "{6C3613C2-433D-48C1-8788-3BF60155F71A}"
EndProject
Project("{FAE04EC0-301F-11D3-BF4B-00C04F79EFBC}") = "SignalRApplication.Service", "SignalRApplication.Service\SignalRApplication.Service.csproj", "{FD7AB340-2F88-4548-BC60-316B2DCC5594}"
EndProject
Project("{FAE04EC0-301F-11D3-BF4B-00C04F79EFBC}") = "SignalRApplication.Common", "SignalRApplication.Common\SignalRApplication.Common.csproj", "{14AF5438-F8CA-4111-B832-61BBBEA7DF64}"
EndProject
Global
	GlobalSection(SolutionConfigurationPlatforms) = preSolution
		Debug|Any CPU = Debug|Any CPU
		Release|Any CPU = Release|Any CPU
	EndGlobalSection
	GlobalSection(ProjectConfigurationPlatforms) = postSolution
		{49BF5E6B-9B47-40ED-B1A1-C9D1D631DBFD}.Debug|Any CPU.ActiveCfg = Debug|Any CPU
		{49BF5E6B-9B47-40ED-B1A1-C9D1D631DBFD}.Debug|Any CPU.Build.0 = Debug|Any CPU
		{49BF5E6B-9B47-40ED-B1A1-C9D1D631DBFD}.Release|Any CPU.ActiveCfg = Release|Any CPU
		{49BF5E6B-9B47-40ED-B1A1-C9D1D631DBFD}.Release|Any CPU.Build.0 = Release|Any CPU
		{FCD797AA-AA95-475D-A62F-0551D0EC9A9F}.Debug|Any CPU.ActiveCfg = Debug|Any CPU
		{FCD797AA-AA95-475D-A62F-0551D0EC9A9F}.Debug|Any CPU.Build.0 = Debug|Any CPU
		{FCD797AA-AA95-475D-A62F-0551D0EC9A9F}.Release|Any CPU.ActiveCfg = Release|Any CPU
		{FCD797AA-AA95-475D-A62F-0551D0EC9A9F}.Release|Any CPU.Build.0 = Release|Any CPU
		{6C3613C2-433D-48C1-8788-3BF60155F71A}.Debug|Any CPU.ActiveCfg = Debug|Any CPU
		{6C3613C2-433D-48C1-8788-3BF60155F71A}.Debug|Any CPU.Build.0 = Debug|Any CPU
		{6C3613C2-433D-48C1-8788-3BF60155F71A}.Release|Any CPU.ActiveCfg = Release|Any CPU
		{6C3613C2-433D-48C1-8788-3BF60155F71A}.Release|Any CPU.Build.0 = Release|Any CPU
		{FD7AB340-2F88-4548-BC60-316B2DCC5594}.Debug|Any CPU.ActiveCfg = Debug|Any CPU
		{FD7AB340-2F88-4548-BC60-316B2DCC5594}.Debug|Any CPU.Build.0 = Debug|Any CPU
		{FD7AB340-2F88-4548-BC60-316B2DCC5594}.Release|Any CPU.ActiveCfg = Release|Any CPU
		{FD7AB340-2F88-4548-BC60-316B2DCC5594}.Release|Any CPU.Build.0 = Release|Any CPU
		{14AF5438-F8CA-4111-B832-61BBBEA7DF64}.Debug|Any CPU.ActiveCfg = Debug|Any CPU
		{14AF5438-F8CA-4111-B832-61BBBEA7DF64}.Debug|Any CPU.Build.0 = Debug|Any CPU
		{14AF5438-F8CA-4111-B832-61BBBEA7DF64}.Release|Any CPU.ActiveCfg = Release|Any CPU
		{14AF5438-F8CA-4111-B832-61BBBEA7DF64}.Release|Any CPU.Build.0 = Release|Any CPU
	EndGlobalSection
	GlobalSection(SolutionProperties) = preSolution
		HideSolutionNode = FALSE
	EndGlobalSection
	GlobalSection(ExtensibilityGlobals) = postSolution
		SolutionGuid = {7ABF26BA-252D-4340-8D1F-E00B2EAB61E7}
	EndGlobalSection
EndGlobal
